
Microsoft Visual Studio Solution File, Format Version 12.00
# Visual Studio Version 17
VisualStudioVersion = 17.3.32922.545
MinimumVisualStudioVersion = 10.0.40219.1
Project("{FAE04EC0-301F-11D3-BF4B-00C04F79EFBC}") = "LaboratoryWork3", "LaboratoryWork3\LaboratoryWork3.csproj", "{5DCD66EA-C6E9-4720-A9C1-354FF4CD4CCD}"
EndProject
Global
	GlobalSection(SolutionConfigurationPlatforms) = preSolution
		Debug|Any CPU = Debug|Any CPU
		Release|Any CPU = Release|Any CPU
	EndGlobalSection
	GlobalSection(ProjectConfigurationPlatforms) = postSolution
		{5DCD66EA-C6E9-4720-A9C1-354FF4CD4CCD}.Debug|Any CPU.ActiveCfg = Debug|Any CPU
		{5DCD66EA-C6E9-4720-A9C1-354FF4CD4CCD}.Debug|Any CPU.Build.0 = Debug|Any CPU
		{5DCD66EA-C6E9-4720-A9C1-354FF4CD4CCD}.Release|Any CPU.ActiveCfg = Release|Any CPU
		{5DCD66EA-C6E9-4720-A9C1-354FF4CD4CCD}.Release|Any CPU.Build.0 = Release|Any CPU
	EndGlobalSection
	GlobalSection(SolutionProperties) = preSolution
		HideSolutionNode = FALSE
	EndGlobalSection
	GlobalSection(ExtensibilityGlobals) = postSolution
		SolutionGuid = {A18853C9-C0D7-4EC9-A0C3-F4125056C89A}
	EndGlobalSection
EndGlobal
